// !$*UTF8*$!
{
	archiveVersion = 1;
	classes = {
	};
	objectVersion = 77;
	objects = {

/* Begin PBXBuildFile section */
		029C8F576EC86F60058A4309 /* amplifyconfiguration.json in Resources */ = {isa = PBXBuildFile; fileRef = 763DD588362875A10811C619 /* amplifyconfiguration.json */; };
		81A08C3D2D664DF500C3C78B /* AWSAPIGateway in Frameworks */ = {isa = PBXBuildFile; productRef = 81A08C3C2D664DF500C3C78B /* AWSAPIGateway */; };
		81A08C3F2D664DF500C3C78B /* AWSCognitoAuth in Frameworks */ = {isa = PBXBuildFile; productRef = 81A08C3E2D664DF500C3C78B /* AWSCognitoAuth */; };
		81A08C412D664DF500C3C78B /* AWSCore in Frameworks */ = {isa = PBXBuildFile; productRef = 81A08C402D664DF500C3C78B /* AWSCore */; };
		81A08C432D664DF500C3C78B /* AWSDynamoDB in Frameworks */ = {isa = PBXBuildFile; productRef = 81A08C422D664DF500C3C78B /* AWSDynamoDB */; };
		81A08C452D664DF500C3C78B /* AWSGoogleSignIn in Frameworks */ = {isa = PBXBuildFile; productRef = 81A08C442D664DF500C3C78B /* AWSGoogleSignIn */; };
		81A08C472D664DF500C3C78B /* AWSLambda in Frameworks */ = {isa = PBXBuildFile; productRef = 81A08C462D664DF500C3C78B /* AWSLambda */; };
		81A08C492D664DF500C3C78B /* AWSMobileClientXCF in Frameworks */ = {isa = PBXBuildFile; productRef = 81A08C482D664DF500C3C78B /* AWSMobileClientXCF */; };
		81A08C4B2D664DF500C3C78B /* AWSS3 in Frameworks */ = {isa = PBXBuildFile; productRef = 81A08C4A2D664DF500C3C78B /* AWSS3 */; };
		81A08C4E2D6720F200C3C78B /* AWSAPIPlugin in Frameworks */ = {isa = PBXBuildFile; productRef = 81A08C4D2D6720F200C3C78B /* AWSAPIPlugin */; };
		81A08C502D6720F200C3C78B /* AWSCognitoAuthPlugin in Frameworks */ = {isa = PBXBuildFile; productRef = 81A08C4F2D6720F200C3C78B /* AWSCognitoAuthPlugin */; };
		81A08C522D6720F200C3C78B /* AWSDataStorePlugin in Frameworks */ = {isa = PBXBuildFile; productRef = 81A08C512D6720F200C3C78B /* AWSDataStorePlugin */; };
		81A08C542D6720F200C3C78B /* AWSS3StoragePlugin in Frameworks */ = {isa = PBXBuildFile; productRef = 81A08C532D6720F200C3C78B /* AWSS3StoragePlugin */; };
		81A08C562D6720F200C3C78B /* Amplify in Frameworks */ = {isa = PBXBuildFile; productRef = 81A08C552D6720F200C3C78B /* Amplify */; };
		C2E28A57A11313F1762575CF /* awsconfiguration.json in Resources */ = {isa = PBXBuildFile; fileRef = AD67BD95E3C78028D44401FB /* awsconfiguration.json */; };
/* End PBXBuildFile section */

/* Begin PBXContainerItemProxy section */
		81A08B7B2D4C692900C3C78B /* PBXContainerItemProxy */ = {
			isa = PBXContainerItemProxy;
			containerPortal = 81A08B5F2D4C692700C3C78B /* Project object */;
			proxyType = 1;
			remoteGlobalIDString = 81A08B662D4C692700C3C78B;
			remoteInfo = SwoleSlug;
		};
		81A08B852D4C692900C3C78B /* PBXContainerItemProxy */ = {
			isa = PBXContainerItemProxy;
			containerPortal = 81A08B5F2D4C692700C3C78B /* Project object */;
			proxyType = 1;
			remoteGlobalIDString = 81A08B662D4C692700C3C78B;
			remoteInfo = SwoleSlug;
		};
/* End PBXContainerItemProxy section */

/* Begin PBXFileReference section */
		763DD588362875A10811C619 /* amplifyconfiguration.json */ = {isa = PBXFileReference; explicitFileType = text.json; lastKnownFileType = text.json; name = amplifyconfiguration.json; path = amplifyconfiguration.json; sourceTree = "<group>"; };
		81A08B672D4C692700C3C78B /* SwoleSlug.app */ = {isa = PBXFileReference; explicitFileType = wrapper.application; includeInIndex = 0; path = SwoleSlug.app; sourceTree = BUILT_PRODUCTS_DIR; };
		81A08B7A2D4C692900C3C78B /* SwoleSlugTests.xctest */ = {isa = PBXFileReference; explicitFileType = wrapper.cfbundle; includeInIndex = 0; path = SwoleSlugTests.xctest; sourceTree = BUILT_PRODUCTS_DIR; };
		81A08B842D4C692900C3C78B /* SwoleSlugUITests.xctest */ = {isa = PBXFileReference; explicitFileType = wrapper.cfbundle; includeInIndex = 0; path = SwoleSlugUITests.xctest; sourceTree = BUILT_PRODUCTS_DIR; };
		AD67BD95E3C78028D44401FB /* awsconfiguration.json */ = {isa = PBXFileReference; explicitFileType = text.json; lastKnownFileType = text.json; name = awsconfiguration.json; path = awsconfiguration.json; sourceTree = "<group>"; };
/* End PBXFileReference section */

/* Begin PBXFileSystemSynchronizedRootGroup section */
		81A08B692D4C692700C3C78B /* SwoleSlug */ = {
			isa = PBXFileSystemSynchronizedRootGroup;
			path = SwoleSlug;
			sourceTree = "<group>";
		};
		81A08B7D2D4C692900C3C78B /* SwoleSlugTests */ = {
			isa = PBXFileSystemSynchronizedRootGroup;
			path = SwoleSlugTests;
			sourceTree = "<group>";
		};
		81A08B872D4C692900C3C78B /* SwoleSlugUITests */ = {
			isa = PBXFileSystemSynchronizedRootGroup;
			path = SwoleSlugUITests;
			sourceTree = "<group>";
		};
/* End PBXFileSystemSynchronizedRootGroup section */

/* Begin PBXFrameworksBuildPhase section */
		81A08B642D4C692700C3C78B /* Frameworks */ = {
			isa = PBXFrameworksBuildPhase;
			buildActionMask = 2147483647;
			files = (
				81A08C432D664DF500C3C78B /* AWSDynamoDB in Frameworks */,
				81A08C502D6720F200C3C78B /* AWSCognitoAuthPlugin in Frameworks */,
				81A08C412D664DF500C3C78B /* AWSCore in Frameworks */,
				81A08C562D6720F200C3C78B /* Amplify in Frameworks */,
				81A08C3F2D664DF500C3C78B /* AWSCognitoAuth in Frameworks */,
				81A08C492D664DF500C3C78B /* AWSMobileClientXCF in Frameworks */,
				81A08C472D664DF500C3C78B /* AWSLambda in Frameworks */,
				81A08C452D664DF500C3C78B /* AWSGoogleSignIn in Frameworks */,
				81A08C522D6720F200C3C78B /* AWSDataStorePlugin in Frameworks */,
				81A08C4E2D6720F200C3C78B /* AWSAPIPlugin in Frameworks */,
				81A08C4B2D664DF500C3C78B /* AWSS3 in Frameworks */,
				81A08C3D2D664DF500C3C78B /* AWSAPIGateway in Frameworks */,
				81A08C542D6720F200C3C78B /* AWSS3StoragePlugin in Frameworks */,
			);
			runOnlyForDeploymentPostprocessing = 0;
		};
		81A08B772D4C692900C3C78B /* Frameworks */ = {
			isa = PBXFrameworksBuildPhase;
			buildActionMask = 2147483647;
			files = (
			);
			runOnlyForDeploymentPostprocessing = 0;
		};
		81A08B812D4C692900C3C78B /* Frameworks */ = {
			isa = PBXFrameworksBuildPhase;
			buildActionMask = 2147483647;
			files = (
			);
			runOnlyForDeploymentPostprocessing = 0;
		};
/* End PBXFrameworksBuildPhase section */

/* Begin PBXGroup section */
		81A08B5E2D4C692700C3C78B = {
			isa = PBXGroup;
			children = (
				81A08B692D4C692700C3C78B /* SwoleSlug */,
				81A08B7D2D4C692900C3C78B /* SwoleSlugTests */,
				81A08B872D4C692900C3C78B /* SwoleSlugUITests */,
				81A08B682D4C692700C3C78B /* Products */,
				F399ECA84248947068F96966 /* AmplifyConfig */,
			);
			sourceTree = "<group>";
		};
		81A08B682D4C692700C3C78B /* Products */ = {
			isa = PBXGroup;
			children = (
				81A08B672D4C692700C3C78B /* SwoleSlug.app */,
				81A08B7A2D4C692900C3C78B /* SwoleSlugTests.xctest */,
				81A08B842D4C692900C3C78B /* SwoleSlugUITests.xctest */,
			);
			name = Products;
			sourceTree = "<group>";
		};
		F399ECA84248947068F96966 /* AmplifyConfig */ = {
			isa = PBXGroup;
			children = (
				AD67BD95E3C78028D44401FB /* awsconfiguration.json */,
				763DD588362875A10811C619 /* amplifyconfiguration.json */,
			);
			name = AmplifyConfig;
			sourceTree = "<group>";
		};
/* End PBXGroup section */

/* Begin PBXNativeTarget section */
		81A08B662D4C692700C3C78B /* SwoleSlug */ = {
			isa = PBXNativeTarget;
			buildConfigurationList = 81A08B8E2D4C692900C3C78B /* Build configuration list for PBXNativeTarget "SwoleSlug" */;
			buildPhases = (
				81A08B632D4C692700C3C78B /* Sources */,
				81A08B642D4C692700C3C78B /* Frameworks */,
				81A08B652D4C692700C3C78B /* Resources */,
			);
			buildRules = (
			);
			dependencies = (
			);
			fileSystemSynchronizedGroups = (
				81A08B692D4C692700C3C78B /* SwoleSlug */,
			);
			name = SwoleSlug;
			packageProductDependencies = (
				81A08C3C2D664DF500C3C78B /* AWSAPIGateway */,
				81A08C3E2D664DF500C3C78B /* AWSCognitoAuth */,
				81A08C402D664DF500C3C78B /* AWSCore */,
				81A08C422D664DF500C3C78B /* AWSDynamoDB */,
				81A08C442D664DF500C3C78B /* AWSGoogleSignIn */,
				81A08C462D664DF500C3C78B /* AWSLambda */,
				81A08C482D664DF500C3C78B /* AWSMobileClientXCF */,
				81A08C4A2D664DF500C3C78B /* AWSS3 */,
				81A08C4D2D6720F200C3C78B /* AWSAPIPlugin */,
				81A08C4F2D6720F200C3C78B /* AWSCognitoAuthPlugin */,
				81A08C512D6720F200C3C78B /* AWSDataStorePlugin */,
				81A08C532D6720F200C3C78B /* AWSS3StoragePlugin */,
				81A08C552D6720F200C3C78B /* Amplify */,
			);
			productName = SwoleSlug;
			productReference = 81A08B672D4C692700C3C78B /* SwoleSlug.app */;
			productType = "com.apple.product-type.application";
		};
		81A08B792D4C692900C3C78B /* SwoleSlugTests */ = {
			isa = PBXNativeTarget;
			buildConfigurationList = 81A08B912D4C692900C3C78B /* Build configuration list for PBXNativeTarget "SwoleSlugTests" */;
			buildPhases = (
				81A08B762D4C692900C3C78B /* Sources */,
				81A08B772D4C692900C3C78B /* Frameworks */,
				81A08B782D4C692900C3C78B /* Resources */,
			);
			buildRules = (
			);
			dependencies = (
				81A08B7C2D4C692900C3C78B /* PBXTargetDependency */,
			);
			fileSystemSynchronizedGroups = (
				81A08B7D2D4C692900C3C78B /* SwoleSlugTests */,
			);
			name = SwoleSlugTests;
			packageProductDependencies = (
			);
			productName = SwoleSlugTests;
			productReference = 81A08B7A2D4C692900C3C78B /* SwoleSlugTests.xctest */;
			productType = "com.apple.product-type.bundle.unit-test";
		};
		81A08B832D4C692900C3C78B /* SwoleSlugUITests */ = {
			isa = PBXNativeTarget;
			buildConfigurationList = 81A08B942D4C692900C3C78B /* Build configuration list for PBXNativeTarget "SwoleSlugUITests" */;
			buildPhases = (
				81A08B802D4C692900C3C78B /* Sources */,
				81A08B812D4C692900C3C78B /* Frameworks */,
				81A08B822D4C692900C3C78B /* Resources */,
			);
			buildRules = (
			);
			dependencies = (
				81A08B862D4C692900C3C78B /* PBXTargetDependency */,
			);
			fileSystemSynchronizedGroups = (
				81A08B872D4C692900C3C78B /* SwoleSlugUITests */,
			);
			name = SwoleSlugUITests;
			packageProductDependencies = (
			);
			productName = SwoleSlugUITests;
			productReference = 81A08B842D4C692900C3C78B /* SwoleSlugUITests.xctest */;
			productType = "com.apple.product-type.bundle.ui-testing";
		};
/* End PBXNativeTarget section */

/* Begin PBXProject section */
		81A08B5F2D4C692700C3C78B /* Project object */ = {
			isa = PBXProject;
			attributes = {
				BuildIndependentTargetsInParallel = 1;
				LastSwiftUpdateCheck = 1620;
				LastUpgradeCheck = 1620;
				TargetAttributes = {
					81A08B662D4C692700C3C78B = {
						CreatedOnToolsVersion = 16.2;
					};
					81A08B792D4C692900C3C78B = {
						CreatedOnToolsVersion = 16.2;
						TestTargetID = 81A08B662D4C692700C3C78B;
					};
					81A08B832D4C692900C3C78B = {
						CreatedOnToolsVersion = 16.2;
						TestTargetID = 81A08B662D4C692700C3C78B;
					};
				};
			};
			buildConfigurationList = 81A08B622D4C692700C3C78B /* Build configuration list for PBXProject "SwoleSlug" */;
			developmentRegion = en;
			hasScannedForEncodings = 0;
			knownRegions = (
				en,
				Base,
			);
			mainGroup = 81A08B5E2D4C692700C3C78B;
			minimizedProjectReferenceProxies = 1;
			packageReferences = (
				81A08C3B2D664DF500C3C78B /* XCRemoteSwiftPackageReference "aws-sdk-ios-spm" */,
				81A08C4C2D6720F200C3C78B /* XCRemoteSwiftPackageReference "amplify-swift" */,
			);
			preferredProjectObjectVersion = 77;
			productRefGroup = 81A08B682D4C692700C3C78B /* Products */;
			projectDirPath = "";
			projectRoot = "";
			targets = (
				81A08B662D4C692700C3C78B /* SwoleSlug */,
				81A08B792D4C692900C3C78B /* SwoleSlugTests */,
				81A08B832D4C692900C3C78B /* SwoleSlugUITests */,
			);
		};
/* End PBXProject section */

/* Begin PBXResourcesBuildPhase section */
		81A08B652D4C692700C3C78B /* Resources */ = {
			isa = PBXResourcesBuildPhase;
			buildActionMask = 2147483647;
			files = (
				C2E28A57A11313F1762575CF /* awsconfiguration.json in Resources */,
				029C8F576EC86F60058A4309 /* amplifyconfiguration.json in Resources */,
			);
			runOnlyForDeploymentPostprocessing = 0;
		};
		81A08B782D4C692900C3C78B /* Resources */ = {
			isa = PBXResourcesBuildPhase;
			buildActionMask = 2147483647;
			files = (
			);
			runOnlyForDeploymentPostprocessing = 0;
		};
		81A08B822D4C692900C3C78B /* Resources */ = {
			isa = PBXResourcesBuildPhase;
			buildActionMask = 2147483647;
			files = (
			);
			runOnlyForDeploymentPostprocessing = 0;
		};
/* End PBXResourcesBuildPhase section */

/* Begin PBXSourcesBuildPhase section */
		81A08B632D4C692700C3C78B /* Sources */ = {
			isa = PBXSourcesBuildPhase;
			buildActionMask = 2147483647;
			files = (
			);
			runOnlyForDeploymentPostprocessing = 0;
		};
		81A08B762D4C692900C3C78B /* Sources */ = {
			isa = PBXSourcesBuildPhase;
			buildActionMask = 2147483647;
			files = (
			);
			runOnlyForDeploymentPostprocessing = 0;
		};
		81A08B802D4C692900C3C78B /* Sources */ = {
			isa = PBXSourcesBuildPhase;
			buildActionMask = 2147483647;
			files = (
			);
			runOnlyForDeploymentPostprocessing = 0;
		};
/* End PBXSourcesBuildPhase section */

/* Begin PBXTargetDependency section */
		81A08B7C2D4C692900C3C78B /* PBXTargetDependency */ = {
			isa = PBXTargetDependency;
			target = 81A08B662D4C692700C3C78B /* SwoleSlug */;
			targetProxy = 81A08B7B2D4C692900C3C78B /* PBXContainerItemProxy */;
		};
		81A08B862D4C692900C3C78B /* PBXTargetDependency */ = {
			isa = PBXTargetDependency;
			target = 81A08B662D4C692700C3C78B /* SwoleSlug */;
			targetProxy = 81A08B852D4C692900C3C78B /* PBXContainerItemProxy */;
		};
/* End PBXTargetDependency section */

/* Begin XCBuildConfiguration section */
		81A08B8C2D4C692900C3C78B /* Debug */ = {
			isa = XCBuildConfiguration;
			buildSettings = {
				ALWAYS_SEARCH_USER_PATHS = NO;
				ASSETCATALOG_COMPILER_GENERATE_SWIFT_ASSET_SYMBOL_EXTENSIONS = YES;
				CLANG_ANALYZER_NONNULL = YES;
				CLANG_ANALYZER_NUMBER_OBJECT_CONVERSION = YES_AGGRESSIVE;
				CLANG_CXX_LANGUAGE_STANDARD = "gnu++20";
				CLANG_ENABLE_MODULES = YES;
				CLANG_ENABLE_OBJC_ARC = YES;
				CLANG_ENABLE_OBJC_WEAK = YES;
				CLANG_WARN_BLOCK_CAPTURE_AUTORELEASING = YES;
				CLANG_WARN_BOOL_CONVERSION = YES;
				CLANG_WARN_COMMA = YES;
				CLANG_WARN_CONSTANT_CONVERSION = YES;
				CLANG_WARN_DEPRECATED_OBJC_IMPLEMENTATIONS = YES;
				CLANG_WARN_DIRECT_OBJC_ISA_USAGE = YES_ERROR;
				CLANG_WARN_DOCUMENTATION_COMMENTS = YES;
				CLANG_WARN_EMPTY_BODY = YES;
				CLANG_WARN_ENUM_CONVERSION = YES;
				CLANG_WARN_INFINITE_RECURSION = YES;
				CLANG_WARN_INT_CONVERSION = YES;
				CLANG_WARN_NON_LITERAL_NULL_CONVERSION = YES;
				CLANG_WARN_OBJC_IMPLICIT_RETAIN_SELF = YES;
				CLANG_WARN_OBJC_LITERAL_CONVERSION = YES;
				CLANG_WARN_OBJC_ROOT_CLASS = YES_ERROR;
				CLANG_WARN_QUOTED_INCLUDE_IN_FRAMEWORK_HEADER = YES;
				CLANG_WARN_RANGE_LOOP_ANALYSIS = YES;
				CLANG_WARN_STRICT_PROTOTYPES = YES;
				CLANG_WARN_SUSPICIOUS_MOVE = YES;
				CLANG_WARN_UNGUARDED_AVAILABILITY = YES_AGGRESSIVE;
				CLANG_WARN_UNREACHABLE_CODE = YES;
				CLANG_WARN__DUPLICATE_METHOD_MATCH = YES;
				COPY_PHASE_STRIP = NO;
				DEBUG_INFORMATION_FORMAT = dwarf;
				ENABLE_STRICT_OBJC_MSGSEND = YES;
				ENABLE_TESTABILITY = YES;
				ENABLE_USER_SCRIPT_SANDBOXING = YES;
				GCC_C_LANGUAGE_STANDARD = gnu17;
				GCC_DYNAMIC_NO_PIC = NO;
				GCC_NO_COMMON_BLOCKS = YES;
				GCC_OPTIMIZATION_LEVEL = 0;
				GCC_PREPROCESSOR_DEFINITIONS = (
					"DEBUG=1",
					"$(inherited)",
				);
				GCC_WARN_64_TO_32_BIT_CONVERSION = YES;
				GCC_WARN_ABOUT_RETURN_TYPE = YES_ERROR;
				GCC_WARN_UNDECLARED_SELECTOR = YES;
				GCC_WARN_UNINITIALIZED_AUTOS = YES_AGGRESSIVE;
				GCC_WARN_UNUSED_FUNCTION = YES;
				GCC_WARN_UNUSED_VARIABLE = YES;
				LOCALIZATION_PREFERS_STRING_CATALOGS = YES;
				MTL_ENABLE_DEBUG_INFO = INCLUDE_SOURCE;
				MTL_FAST_MATH = YES;
				ONLY_ACTIVE_ARCH = YES;
				SWIFT_ACTIVE_COMPILATION_CONDITIONS = "DEBUG $(inherited)";
				SWIFT_OPTIMIZATION_LEVEL = "-Onone";
			};
			name = Debug;
		};
		81A08B8D2D4C692900C3C78B /* Release */ = {
			isa = XCBuildConfiguration;
			buildSettings = {
				ALWAYS_SEARCH_USER_PATHS = NO;
				ASSETCATALOG_COMPILER_GENERATE_SWIFT_ASSET_SYMBOL_EXTENSIONS = YES;
				CLANG_ANALYZER_NONNULL = YES;
				CLANG_ANALYZER_NUMBER_OBJECT_CONVERSION = YES_AGGRESSIVE;
				CLANG_CXX_LANGUAGE_STANDARD = "gnu++20";
				CLANG_ENABLE_MODULES = YES;
				CLANG_ENABLE_OBJC_ARC = YES;
				CLANG_ENABLE_OBJC_WEAK = YES;
				CLANG_WARN_BLOCK_CAPTURE_AUTORELEASING = YES;
				CLANG_WARN_BOOL_CONVERSION = YES;
				CLANG_WARN_COMMA = YES;
				CLANG_WARN_CONSTANT_CONVERSION = YES;
				CLANG_WARN_DEPRECATED_OBJC_IMPLEMENTATIONS = YES;
				CLANG_WARN_DIRECT_OBJC_ISA_USAGE = YES_ERROR;
				CLANG_WARN_DOCUMENTATION_COMMENTS = YES;
				CLANG_WARN_EMPTY_BODY = YES;
				CLANG_WARN_ENUM_CONVERSION = YES;
				CLANG_WARN_INFINITE_RECURSION = YES;
				CLANG_WARN_INT_CONVERSION = YES;
				CLANG_WARN_NON_LITERAL_NULL_CONVERSION = YES;
				CLANG_WARN_OBJC_IMPLICIT_RETAIN_SELF = YES;
				CLANG_WARN_OBJC_LITERAL_CONVERSION = YES;
				CLANG_WARN_OBJC_ROOT_CLASS = YES_ERROR;
				CLANG_WARN_QUOTED_INCLUDE_IN_FRAMEWORK_HEADER = YES;
				CLANG_WARN_RANGE_LOOP_ANALYSIS = YES;
				CLANG_WARN_STRICT_PROTOTYPES = YES;
				CLANG_WARN_SUSPICIOUS_MOVE = YES;
				CLANG_WARN_UNGUARDED_AVAILABILITY = YES_AGGRESSIVE;
				CLANG_WARN_UNREACHABLE_CODE = YES;
				CLANG_WARN__DUPLICATE_METHOD_MATCH = YES;
				COPY_PHASE_STRIP = NO;
				DEBUG_INFORMATION_FORMAT = "dwarf-with-dsym";
				ENABLE_NS_ASSERTIONS = NO;
				ENABLE_STRICT_OBJC_MSGSEND = YES;
				ENABLE_USER_SCRIPT_SANDBOXING = YES;
				GCC_C_LANGUAGE_STANDARD = gnu17;
				GCC_NO_COMMON_BLOCKS = YES;
				GCC_WARN_64_TO_32_BIT_CONVERSION = YES;
				GCC_WARN_ABOUT_RETURN_TYPE = YES_ERROR;
				GCC_WARN_UNDECLARED_SELECTOR = YES;
				GCC_WARN_UNINITIALIZED_AUTOS = YES_AGGRESSIVE;
				GCC_WARN_UNUSED_FUNCTION = YES;
				GCC_WARN_UNUSED_VARIABLE = YES;
				LOCALIZATION_PREFERS_STRING_CATALOGS = YES;
				MTL_ENABLE_DEBUG_INFO = NO;
				MTL_FAST_MATH = YES;
				SWIFT_COMPILATION_MODE = wholemodule;
			};
			name = Release;
		};
		81A08B8F2D4C692900C3C78B /* Debug */ = {
			isa = XCBuildConfiguration;
			buildSettings = {
				ASSETCATALOG_COMPILER_APPICON_NAME = AppIcon;
				ASSETCATALOG_COMPILER_GLOBAL_ACCENT_COLOR_NAME = AccentColor;
				CODE_SIGN_ENTITLEMENTS = SwoleSlug/SwoleSlug.entitlements;
				"CODE_SIGN_IDENTITY[sdk=macosx*]" = "Apple Development";
				CODE_SIGN_STYLE = Automatic;
				CURRENT_PROJECT_VERSION = 1;
				DEVELOPMENT_ASSET_PATHS = "\"SwoleSlug/Preview Content\"";
				DEVELOPMENT_TEAM = JU5638JLSR;
				ENABLE_PREVIEWS = YES;
				GENERATE_INFOPLIST_FILE = YES;
				"INFOPLIST_KEY_UIApplicationSceneManifest_Generation[sdk=iphoneos*]" = YES;
				"INFOPLIST_KEY_UIApplicationSceneManifest_Generation[sdk=iphonesimulator*]" = YES;
				"INFOPLIST_KEY_UIApplicationSupportsIndirectInputEvents[sdk=iphoneos*]" = YES;
				"INFOPLIST_KEY_UIApplicationSupportsIndirectInputEvents[sdk=iphonesimulator*]" = YES;
				"INFOPLIST_KEY_UILaunchScreen_Generation[sdk=iphoneos*]" = YES;
				"INFOPLIST_KEY_UILaunchScreen_Generation[sdk=iphonesimulator*]" = YES;
				"INFOPLIST_KEY_UIStatusBarStyle[sdk=iphoneos*]" = UIStatusBarStyleDefault;
				"INFOPLIST_KEY_UIStatusBarStyle[sdk=iphonesimulator*]" = UIStatusBarStyleDefault;
				INFOPLIST_KEY_UISupportedInterfaceOrientations_iPad = "UIInterfaceOrientationPortrait UIInterfaceOrientationPortraitUpsideDown UIInterfaceOrientationLandscapeLeft UIInterfaceOrientationLandscapeRight";
				INFOPLIST_KEY_UISupportedInterfaceOrientations_iPhone = "UIInterfaceOrientationPortrait UIInterfaceOrientationLandscapeLeft UIInterfaceOrientationLandscapeRight";
				IPHONEOS_DEPLOYMENT_TARGET = 18.2;
				LD_RUNPATH_SEARCH_PATHS = "@executable_path/Frameworks";
				"LD_RUNPATH_SEARCH_PATHS[sdk=macosx*]" = "@executable_path/../Frameworks";
				MACOSX_DEPLOYMENT_TARGET = 14.0;
				MARKETING_VERSION = 1.0;
				PRODUCT_BUNDLE_IDENTIFIER = com.SwoleSlug;
				PRODUCT_NAME = "$(TARGET_NAME)";
				SDKROOT = auto;
				SUPPORTED_PLATFORMS = "iphonesimulator iphoneos";
				SWIFT_EMIT_LOC_STRINGS = YES;
				SWIFT_VERSION = 5.0;
				TARGETED_DEVICE_FAMILY = "1,2,7";
				XROS_DEPLOYMENT_TARGET = 2.2;
			};
			name = Debug;
		};
		81A08B902D4C692900C3C78B /* Release */ = {
			isa = XCBuildConfiguration;
			buildSettings = {
				ASSETCATALOG_COMPILER_APPICON_NAME = AppIcon;
				ASSETCATALOG_COMPILER_GLOBAL_ACCENT_COLOR_NAME = AccentColor;
				CODE_SIGN_ENTITLEMENTS = SwoleSlug/SwoleSlug.entitlements;
				"CODE_SIGN_IDENTITY[sdk=macosx*]" = "Apple Development";
				CODE_SIGN_STYLE = Automatic;
				CURRENT_PROJECT_VERSION = 1;
				DEVELOPMENT_ASSET_PATHS = "\"SwoleSlug/Preview Content\"";
				DEVELOPMENT_TEAM = JU5638JLSR;
				ENABLE_PREVIEWS = YES;
				GENERATE_INFOPLIST_FILE = YES;
				"INFOPLIST_KEY_UIApplicationSceneManifest_Generation[sdk=iphoneos*]" = YES;
				"INFOPLIST_KEY_UIApplicationSceneManifest_Generation[sdk=iphonesimulator*]" = YES;
				"INFOPLIST_KEY_UIApplicationSupportsIndirectInputEvents[sdk=iphoneos*]" = YES;
				"INFOPLIST_KEY_UIApplicationSupportsIndirectInputEvents[sdk=iphonesimulator*]" = YES;
				"INFOPLIST_KEY_UILaunchScreen_Generation[sdk=iphoneos*]" = YES;
				"INFOPLIST_KEY_UILaunchScreen_Generation[sdk=iphonesimulator*]" = YES;
				"INFOPLIST_KEY_UIStatusBarStyle[sdk=iphoneos*]" = UIStatusBarStyleDefault;
				"INFOPLIST_KEY_UIStatusBarStyle[sdk=iphonesimulator*]" = UIStatusBarStyleDefault;
				INFOPLIST_KEY_UISupportedInterfaceOrientations_iPad = "UIInterfaceOrientationPortrait UIInterfaceOrientationPortraitUpsideDown UIInterfaceOrientationLandscapeLeft UIInterfaceOrientationLandscapeRight";
				INFOPLIST_KEY_UISupportedInterfaceOrientations_iPhone = "UIInterfaceOrientationPortrait UIInterfaceOrientationLandscapeLeft UIInterfaceOrientationLandscapeRight";
				IPHONEOS_DEPLOYMENT_TARGET = 18.2;
				LD_RUNPATH_SEARCH_PATHS = "@executable_path/Frameworks";
				"LD_RUNPATH_SEARCH_PATHS[sdk=macosx*]" = "@executable_path/../Frameworks";
				MACOSX_DEPLOYMENT_TARGET = 14.0;
				MARKETING_VERSION = 1.0;
				PRODUCT_BUNDLE_IDENTIFIER = com.SwoleSlug;
				PRODUCT_NAME = "$(TARGET_NAME)";
				SDKROOT = auto;
				SUPPORTED_PLATFORMS = "iphonesimulator iphoneos";
				SWIFT_EMIT_LOC_STRINGS = YES;
				SWIFT_VERSION = 5.0;
				TARGETED_DEVICE_FAMILY = "1,2,7";
				XROS_DEPLOYMENT_TARGET = 2.2;
			};
			name = Release;
		};
		81A08B922D4C692900C3C78B /* Debug */ = {
			isa = XCBuildConfiguration;
			buildSettings = {
				BUNDLE_LOADER = "$(TEST_HOST)";
				CODE_SIGN_STYLE = Automatic;
				CURRENT_PROJECT_VERSION = 1;
				GENERATE_INFOPLIST_FILE = YES;
				IPHONEOS_DEPLOYMENT_TARGET = 18.2;
				MACOSX_DEPLOYMENT_TARGET = 15.2;
				MARKETING_VERSION = 1.0;
				PRODUCT_BUNDLE_IDENTIFIER = com.SwoleSlug.SwoleSlugTests;
				PRODUCT_NAME = "$(TARGET_NAME)";
				SDKROOT = auto;
				SUPPORTED_PLATFORMS = "iphoneos iphonesimulator macosx xros xrsimulator";
				SWIFT_EMIT_LOC_STRINGS = NO;
				SWIFT_VERSION = 5.0;
				TARGETED_DEVICE_FAMILY = "1,2,7";
				TEST_HOST = "$(BUILT_PRODUCTS_DIR)/SwoleSlug.app/$(BUNDLE_EXECUTABLE_FOLDER_PATH)/SwoleSlug";
				XROS_DEPLOYMENT_TARGET = 2.2;
			};
			name = Debug;
		};
		81A08B932D4C692900C3C78B /* Release */ = {
			isa = XCBuildConfiguration;
			buildSettings = {
				BUNDLE_LOADER = "$(TEST_HOST)";
				CODE_SIGN_STYLE = Automatic;
				CURRENT_PROJECT_VERSION = 1;
				GENERATE_INFOPLIST_FILE = YES;
				IPHONEOS_DEPLOYMENT_TARGET = 18.2;
				MACOSX_DEPLOYMENT_TARGET = 15.2;
				MARKETING_VERSION = 1.0;
				PRODUCT_BUNDLE_IDENTIFIER = com.SwoleSlug.SwoleSlugTests;
				PRODUCT_NAME = "$(TARGET_NAME)";
				SDKROOT = auto;
				SUPPORTED_PLATFORMS = "iphoneos iphonesimulator macosx xros xrsimulator";
				SWIFT_EMIT_LOC_STRINGS = NO;
				SWIFT_VERSION = 5.0;
				TARGETED_DEVICE_FAMILY = "1,2,7";
				TEST_HOST = "$(BUILT_PRODUCTS_DIR)/SwoleSlug.app/$(BUNDLE_EXECUTABLE_FOLDER_PATH)/SwoleSlug";
				XROS_DEPLOYMENT_TARGET = 2.2;
			};
			name = Release;
		};
		81A08B952D4C692900C3C78B /* Debug */ = {
			isa = XCBuildConfiguration;
			buildSettings = {
				CODE_SIGN_STYLE = Automatic;
				CURRENT_PROJECT_VERSION = 1;
				GENERATE_INFOPLIST_FILE = YES;
				IPHONEOS_DEPLOYMENT_TARGET = 18.2;
				MACOSX_DEPLOYMENT_TARGET = 15.2;
				MARKETING_VERSION = 1.0;
				PRODUCT_BUNDLE_IDENTIFIER = com.SwoleSlug.SwoleSlugUITests;
				PRODUCT_NAME = "$(TARGET_NAME)";
				SDKROOT = auto;
				SUPPORTED_PLATFORMS = "iphoneos iphonesimulator macosx xros xrsimulator";
				SWIFT_EMIT_LOC_STRINGS = NO;
				SWIFT_VERSION = 5.0;
				TARGETED_DEVICE_FAMILY = "1,2,7";
				TEST_TARGET_NAME = SwoleSlug;
				XROS_DEPLOYMENT_TARGET = 2.2;
			};
			name = Debug;
		};
		81A08B962D4C692900C3C78B /* Release */ = {
			isa = XCBuildConfiguration;
			buildSettings = {
				CODE_SIGN_STYLE = Automatic;
				CURRENT_PROJECT_VERSION = 1;
				GENERATE_INFOPLIST_FILE = YES;
				IPHONEOS_DEPLOYMENT_TARGET = 18.2;
				MACOSX_DEPLOYMENT_TARGET = 15.2;
				MARKETING_VERSION = 1.0;
				PRODUCT_BUNDLE_IDENTIFIER = com.SwoleSlug.SwoleSlugUITests;
				PRODUCT_NAME = "$(TARGET_NAME)";
				SDKROOT = auto;
				SUPPORTED_PLATFORMS = "iphoneos iphonesimulator macosx xros xrsimulator";
				SWIFT_EMIT_LOC_STRINGS = NO;
				SWIFT_VERSION = 5.0;
				TARGETED_DEVICE_FAMILY = "1,2,7";
				TEST_TARGET_NAME = SwoleSlug;
				XROS_DEPLOYMENT_TARGET = 2.2;
			};
			name = Release;
		};
/* End XCBuildConfiguration section */

/* Begin XCConfigurationList section */
		81A08B622D4C692700C3C78B /* Build configuration list for PBXProject "SwoleSlug" */ = {
			isa = XCConfigurationList;
			buildConfigurations = (
				81A08B8C2D4C692900C3C78B /* Debug */,
				81A08B8D2D4C692900C3C78B /* Release */,
			);
			defaultConfigurationIsVisible = 0;
			defaultConfigurationName = Release;
		};
		81A08B8E2D4C692900C3C78B /* Build configuration list for PBXNativeTarget "SwoleSlug" */ = {
			isa = XCConfigurationList;
			buildConfigurations = (
				81A08B8F2D4C692900C3C78B /* Debug */,
				81A08B902D4C692900C3C78B /* Release */,
			);
			defaultConfigurationIsVisible = 0;
			defaultConfigurationName = Release;
		};
		81A08B912D4C692900C3C78B /* Build configuration list for PBXNativeTarget "SwoleSlugTests" */ = {
			isa = XCConfigurationList;
			buildConfigurations = (
				81A08B922D4C692900C3C78B /* Debug */,
				81A08B932D4C692900C3C78B /* Release */,
			);
			defaultConfigurationIsVisible = 0;
			defaultConfigurationName = Release;
		};
		81A08B942D4C692900C3C78B /* Build configuration list for PBXNativeTarget "SwoleSlugUITests" */ = {
			isa = XCConfigurationList;
			buildConfigurations = (
				81A08B952D4C692900C3C78B /* Debug */,
				81A08B962D4C692900C3C78B /* Release */,
			);
			defaultConfigurationIsVisible = 0;
			defaultConfigurationName = Release;
		};
/* End XCConfigurationList section */

/* Begin XCRemoteSwiftPackageReference section */
		81A08C3B2D664DF500C3C78B /* XCRemoteSwiftPackageReference "aws-sdk-ios-spm" */ = {
			isa = XCRemoteSwiftPackageReference;
			repositoryURL = "https://github.com/aws-amplify/aws-sdk-ios-spm";
			requirement = {
				kind = upToNextMajorVersion;
				minimumVersion = 2.40.1;
			};
		};
		81A08C4C2D6720F200C3C78B /* XCRemoteSwiftPackageReference "amplify-swift" */ = {
			isa = XCRemoteSwiftPackageReference;
			repositoryURL = "https://github.com/aws-amplify/amplify-swift";
			requirement = {
				kind = upToNextMajorVersion;
				minimumVersion = 2.45.4;
			};
		};
/* End XCRemoteSwiftPackageReference section */

/* Begin XCSwiftPackageProductDependency section */
		81A08C3C2D664DF500C3C78B /* AWSAPIGateway */ = {
			isa = XCSwiftPackageProductDependency;
			package = 81A08C3B2D664DF500C3C78B /* XCRemoteSwiftPackageReference "aws-sdk-ios-spm" */;
			productName = AWSAPIGateway;
		};
		81A08C3E2D664DF500C3C78B /* AWSCognitoAuth */ = {
			isa = XCSwiftPackageProductDependency;
			package = 81A08C3B2D664DF500C3C78B /* XCRemoteSwiftPackageReference "aws-sdk-ios-spm" */;
			productName = AWSCognitoAuth;
		};
		81A08C402D664DF500C3C78B /* AWSCore */ = {
			isa = XCSwiftPackageProductDependency;
			package = 81A08C3B2D664DF500C3C78B /* XCRemoteSwiftPackageReference "aws-sdk-ios-spm" */;
			productName = AWSCore;
		};
		81A08C422D664DF500C3C78B /* AWSDynamoDB */ = {
			isa = XCSwiftPackageProductDependency;
			package = 81A08C3B2D664DF500C3C78B /* XCRemoteSwiftPackageReference "aws-sdk-ios-spm" */;
			productName = AWSDynamoDB;
		};
		81A08C442D664DF500C3C78B /* AWSGoogleSignIn */ = {
			isa = XCSwiftPackageProductDependency;
			package = 81A08C3B2D664DF500C3C78B /* XCRemoteSwiftPackageReference "aws-sdk-ios-spm" */;
			productName = AWSGoogleSignIn;
		};
		81A08C462D664DF500C3C78B /* AWSLambda */ = {
			isa = XCSwiftPackageProductDependency;
			package = 81A08C3B2D664DF500C3C78B /* XCRemoteSwiftPackageReference "aws-sdk-ios-spm" */;
			productName = AWSLambda;
		};
		81A08C482D664DF500C3C78B /* AWSMobileClientXCF */ = {
			isa = XCSwiftPackageProductDependency;
			package = 81A08C3B2D664DF500C3C78B /* XCRemoteSwiftPackageReference "aws-sdk-ios-spm" */;
			productName = AWSMobileClientXCF;
		};
		81A08C4A2D664DF500C3C78B /* AWSS3 */ = {
			isa = XCSwiftPackageProductDependency;
			package = 81A08C3B2D664DF500C3C78B /* XCRemoteSwiftPackageReference "aws-sdk-ios-spm" */;
			productName = AWSS3;
		};
		81A08C4D2D6720F200C3C78B /* AWSAPIPlugin */ = {
			isa = XCSwiftPackageProductDependency;
			package = 81A08C4C2D6720F200C3C78B /* XCRemoteSwiftPackageReference "amplify-swift" */;
			productName = AWSAPIPlugin;
		};
		81A08C4F2D6720F200C3C78B /* AWSCognitoAuthPlugin */ = {
			isa = XCSwiftPackageProductDependency;
			package = 81A08C4C2D6720F200C3C78B /* XCRemoteSwiftPackageReference "amplify-swift" */;
			productName = AWSCognitoAuthPlugin;
		};
		81A08C512D6720F200C3C78B /* AWSDataStorePlugin */ = {
			isa = XCSwiftPackageProductDependency;
			package = 81A08C4C2D6720F200C3C78B /* XCRemoteSwiftPackageReference "amplify-swift" */;
			productName = AWSDataStorePlugin;
		};
		81A08C532D6720F200C3C78B /* AWSS3StoragePlugin */ = {
			isa = XCSwiftPackageProductDependency;
			package = 81A08C4C2D6720F200C3C78B /* XCRemoteSwiftPackageReference "amplify-swift" */;
			productName = AWSS3StoragePlugin;
		};
		81A08C552D6720F200C3C78B /* Amplify */ = {
			isa = XCSwiftPackageProductDependency;
			package = 81A08C4C2D6720F200C3C78B /* XCRemoteSwiftPackageReference "amplify-swift" */;
			productName = Amplify;
		};
/* End XCSwiftPackageProductDependency section */
	};
	rootObject = 81A08B5F2D4C692700C3C78B /* Project object */;
}
